
Microsoft Visual Studio Solution File, Format Version 12.00
# Visual Studio Version 16
VisualStudioVersion = 16.0.30011.22
MinimumVisualStudioVersion = 10.0.40219.1
Project("{FAE04EC0-301F-11D3-BF4B-00C04F79EFBC}") = "AzureImagesGallery", "AzureImagesGallery.csproj", "{673E08B4-0B98-4C5B-AC1B-5B249299C1F8}"
EndProject
Project("{FAE04EC0-301F-11D3-BF4B-00C04F79EFBC}") = "AzureImagesGallery.Data", "..\AzureImagesGallery.Data\AzureImagesGallery.Data.csproj", "{29C641FC-49D6-4FC2-AEE9-5E2018E6EE98}"
EndProject
Global
	GlobalSection(SolutionConfigurationPlatforms) = preSolution
		Debug|Any CPU = Debug|Any CPU
		Release|Any CPU = Release|Any CPU
	EndGlobalSection
	GlobalSection(ProjectConfigurationPlatforms) = postSolution
		{673E08B4-0B98-4C5B-AC1B-5B249299C1F8}.Debug|Any CPU.ActiveCfg = Debug|Any CPU
		{673E08B4-0B98-4C5B-AC1B-5B249299C1F8}.Debug|Any CPU.Build.0 = Debug|Any CPU
		{673E08B4-0B98-4C5B-AC1B-5B249299C1F8}.Release|Any CPU.ActiveCfg = Release|Any CPU
		{673E08B4-0B98-4C5B-AC1B-5B249299C1F8}.Release|Any CPU.Build.0 = Release|Any CPU
		{29C641FC-49D6-4FC2-AEE9-5E2018E6EE98}.Debug|Any CPU.ActiveCfg = Debug|Any CPU
		{29C641FC-49D6-4FC2-AEE9-5E2018E6EE98}.Debug|Any CPU.Build.0 = Debug|Any CPU
		{29C641FC-49D6-4FC2-AEE9-5E2018E6EE98}.Release|Any CPU.ActiveCfg = Release|Any CPU
		{29C641FC-49D6-4FC2-AEE9-5E2018E6EE98}.Release|Any CPU.Build.0 = Release|Any CPU
	EndGlobalSection
	GlobalSection(SolutionProperties) = preSolution
		HideSolutionNode = FALSE
	EndGlobalSection
	GlobalSection(ExtensibilityGlobals) = postSolution
		SolutionGuid = {81AB256F-F572-4360-9683-430A3E460A2D}
	EndGlobalSection
EndGlobal
